{
  "name": "glean-chat",
  "version": "1.0.0",
  "lockfileVersion": 3,
  "requires": true,
  "packages": {
    "": {
      "name": "glean-chat",
      "version": "1.0.0",
      "dependencies": {
        "@gleanwork/api-client": "^0.15.0"
      }
    },
    "node_modules/@gleanwork/api-client": {
      "version": "0.15.0",
      "resolved": "https://registry.npmjs.org/@gleanwork/api-client/-/api-client-0.15.0.tgz",
      "integrity": "sha512-vHzQPPmjIT1kb12jI7PfBf+yqdEOevcL2nYhcz/rnSnmaCkHgog8mI2054w1DDmHuwKk7/Gw1d2dKTnJYK7i3A==",
      "dependencies": {
        "zod": "^3.25.0 || ^4.0.0"
      },
      "peerDependencies": {
        "@tanstack/react-query": "^5",
        "react": "^18 || ^19",
        "react-dom": "^18 || ^19"
      },
      "peerDependenciesMeta": {
        "@tanstack/react-query": {
          "optional": true
        },
        "react": {
          "optional": true
        },
        "react-dom": {
          "optional": true
        }
      }
    },
    "node_modules/zod": {
      "version": "4.4.3",
      "resolved": "https://registry.npmjs.org/zod/-/zod-4.4.3.tgz",
      "integrity": "sha512-ytENFjIJFl2UwYglde2jchW2Hwm4GJFLDiSXWdTrJQBIN9Fcyp7n4DhxJEiWNAJMV1/BqWfW/kkg71UDcHJyTQ==",
      "license": "MIT",
      "funding": {
        "url": "https://github.com/sponsors/colinhacks"
      }
    }
  }
}
