---
lockfileVersion: "9.0"

importers:
  .:
    configDependencies: {}
    packageManagerDependencies:
      "@pnpm/exe":
        specifier: ^11.1.1
        version: 11.1.1
      pnpm:
        specifier: ^11.1.1
        version: 11.1.1

packages:
  "@pnpm/exe@11.1.1":
    resolution: {
      integrity: sha512-5mQnDW1NCBRRWA+cnGhQO+tIrfSfWm3/IyGxU88LnT+tzNW5UrwwKfjsnnYJToyAjIfdfEJtJKUxCvP+mhA+nQ==,
    }
    hasBin: true

  "@pnpm/linux-arm64@11.1.1":
    resolution: {
      integrity: sha512-u9hs51XV0/gU5LLfNLoQsozGKIxNjxsh/0xPr+8Hny0M38psa4lBtwFvarL2bLToPIrtueQYi65LdlzRxITRyg==,
    }
    cpu: [arm64]
    os: [linux]

  "@pnpm/linux-x64@11.1.1":
    resolution: {
      integrity: sha512-yQO9i57oyJmIG22BjV7sqLUT2syKQohiku8yNZRgp7M6wsVkikpVLLVSpBifQnrI/P/roueKnWSUEESH1aPaoA==,
    }
    cpu: [x64]
    os: [linux]

  "@pnpm/linuxstatic-arm64@11.1.1":
    resolution: {
      integrity: sha512-FUZB8L9Z8L5m88G0RTx5AsHFr5yUQPW+28zQdTNUWxiLwj11FW/fOLodYdcNYHdNJFepsZyqt3aRnpiqIdZb2g==,
    }
    cpu: [arm64]
    os: [linux]
    libc: [musl]

  "@pnpm/linuxstatic-x64@11.1.1":
    resolution: {
      integrity: sha512-I/z56hfa1zM5F/Unup/1NrgsA+dcptsKQ2TjJLFz3wHKDx0RLrfF7DB0Rkpnr5IoAZ33v0GFZjlGhkOtc9VFGw==,
    }
    cpu: [x64]
    os: [linux]
    libc: [musl]

  "@pnpm/macos-arm64@11.1.1":
    resolution: {
      integrity: sha512-YQu6fC27F4jTIpXhF+4PdzOV7uSnVVG9KUxj5W+AFj0XFlUvBw+I1NsoPCY6uV1nccxWpIAZOTZtSj8+hWPb8w==,
    }
    cpu: [arm64]
    os: [darwin]

  "@pnpm/win-arm64@11.1.1":
    resolution: {
      integrity: sha512-2HvZut3IcKPxzIfOjBJ4677PaLIh57mWccL86O+q71QhO5emnQvht0CE19IoEyUIOEe1WjlN+Su/dD5k6CuGyg==,
    }
    cpu: [arm64]
    os: [win32]

  "@pnpm/win-x64@11.1.1":
    resolution: {
      integrity: sha512-QXBIBErgPhGLovOVzTRIpHsejFKebyqlcF3fea/TfH87gkhN5yWH0WuTPRBoOWvpk6aNhjDW4RPUMx8RaPqxjw==,
    }
    cpu: [x64]
    os: [win32]

  "@reflink/reflink-darwin-arm64@0.1.19":
    resolution: {
      integrity: sha512-ruy44Lpepdk1FqDz38vExBY/PVUsjxZA+chd9wozjUH9JjuDT/HEaQYA6wYN9mf041l0yLVar6BCZuWABJvHSA==,
    }
    engines: { node: ">= 10" }
    cpu: [arm64]
    os: [darwin]

  "@reflink/reflink-darwin-x64@0.1.19":
    resolution: {
      integrity: sha512-By85MSWrMZa+c26TcnAy8SDk0sTUkYlNnwknSchkhHpGXOtjNDUOxJE9oByBnGbeuIE1PiQsxDG3Ud+IVV9yuA==,
    }
    engines: { node: ">= 10" }
    cpu: [x64]
    os: [darwin]

  "@reflink/reflink-linux-arm64-gnu@0.1.19":
    resolution: {
      integrity: sha512-7P+er8+rP9iNeN+bfmccM4hTAaLP6PQJPKWSA4iSk2bNvo6KU6RyPgYeHxXmzNKzPVRcypZQTpFgstHam6maVg==,
    }
    engines: { node: ">= 10" }
    cpu: [arm64]
    os: [linux]
    libc: [glibc]

  "@reflink/reflink-linux-arm64-musl@0.1.19":
    resolution: {
      integrity: sha512-37iO/Dp6m5DDaC2sf3zPtx/hl9FV3Xze4xoYidrxxS9bgP3S8ALroxRK6xBG/1TtfXKTvolvp+IjrUU6ujIGmA==,
    }
    engines: { node: ">= 10" }
    cpu: [arm64]
    os: [linux]
    libc: [musl]

  "@reflink/reflink-linux-x64-gnu@0.1.19":
    resolution: {
      integrity: sha512-jbI8jvuYCaA3MVUdu8vLoLAFqC+iNMpiSuLbxlAgg7x3K5bsS8nOpTRnkLF7vISJ+rVR8W+7ThXlXlUQ93ulkw==,
    }
    engines: { node: ">= 10" }
    cpu: [x64]
    os: [linux]
    libc: [glibc]

  "@reflink/reflink-linux-x64-musl@0.1.19":
    resolution: {
      integrity: sha512-e9FBWDe+lv7QKAwtKOt6A2W/fyy/aEEfr0g6j/hWzvQcrzHCsz07BNQYlNOjTfeytrtLU7k449H1PI95jA4OjQ==,
    }
    engines: { node: ">= 10" }
    cpu: [x64]
    os: [linux]
    libc: [musl]

  "@reflink/reflink-win32-arm64-msvc@0.1.19":
    resolution: {
      integrity: sha512-09PxnVIQcd+UOn4WAW73WU6PXL7DwGS6wPlkMhMg2zlHHG65F3vHepOw06HFCq+N42qkaNAc8AKIabWvtk6cIQ==,
    }
    engines: { node: ">= 10" }
    cpu: [arm64]
    os: [win32]

  "@reflink/reflink-win32-x64-msvc@0.1.19":
    resolution: {
      integrity: sha512-E//yT4ni2SyhwP8JRjVGWr3cbnhWDiPLgnQ66qqaanjjnMiu3O/2tjCPQXlcGc/DEYofpDc9fvhv6tALQsMV9w==,
    }
    engines: { node: ">= 10" }
    cpu: [x64]
    os: [win32]

  "@reflink/reflink@0.1.19":
    resolution: {
      integrity: sha512-DmCG8GzysnCZ15bres3N5AHCmwBwYgp0As6xjhQ47rAUTUXxJiK+lLUxaGsX3hd/30qUpVElh05PbGuxRPgJwA==,
    }
    engines: { node: ">= 10" }

  detect-libc@2.1.2:
    resolution: {
      integrity: sha512-Btj2BOOO83o3WyH59e8MgXsxEQVcarkUOpEYrubB0urwnN10yQ364rsiByU11nZlqWYZm05i/of7io4mzihBtQ==,
    }
    engines: { node: ">=8" }

  pnpm@11.1.1:
    resolution: {
      integrity: sha512-0f319zxhe2T6GlaoHDyN/g6WbjOmAQqiVrUXrne+Idk+Ba/8DeGoOw5PKdVp9otEaujwaM1yR8C7PfD7TXvfmg==,
    }
    engines: { node: ">=22.13" }
    hasBin: true

snapshots:
  "@pnpm/exe@11.1.1":
    dependencies:
      "@reflink/reflink": 0.1.19
      detect-libc: 2.1.2
    optionalDependencies:
      "@pnpm/linux-arm64": 11.1.1
      "@pnpm/linux-x64": 11.1.1
      "@pnpm/linuxstatic-arm64": 11.1.1
      "@pnpm/linuxstatic-x64": 11.1.1
      "@pnpm/macos-arm64": 11.1.1
      "@pnpm/win-arm64": 11.1.1
      "@pnpm/win-x64": 11.1.1

  "@pnpm/linux-arm64@11.1.1":
    optional: true

  "@pnpm/linux-x64@11.1.1":
    optional: true

  "@pnpm/linuxstatic-arm64@11.1.1":
    optional: true

  "@pnpm/linuxstatic-x64@11.1.1":
    optional: true

  "@pnpm/macos-arm64@11.1.1":
    optional: true

  "@pnpm/win-arm64@11.1.1":
    optional: true

  "@pnpm/win-x64@11.1.1":
    optional: true

  "@reflink/reflink-darwin-arm64@0.1.19":
    optional: true

  "@reflink/reflink-darwin-x64@0.1.19":
    optional: true

  "@reflink/reflink-linux-arm64-gnu@0.1.19":
    optional: true

  "@reflink/reflink-linux-arm64-musl@0.1.19":
    optional: true

  "@reflink/reflink-linux-x64-gnu@0.1.19":
    optional: true

  "@reflink/reflink-linux-x64-musl@0.1.19":
    optional: true

  "@reflink/reflink-win32-arm64-msvc@0.1.19":
    optional: true

  "@reflink/reflink-win32-x64-msvc@0.1.19":
    optional: true

  "@reflink/reflink@0.1.19":
    optionalDependencies:
      "@reflink/reflink-darwin-arm64": 0.1.19
      "@reflink/reflink-darwin-x64": 0.1.19
      "@reflink/reflink-linux-arm64-gnu": 0.1.19
      "@reflink/reflink-linux-arm64-musl": 0.1.19
      "@reflink/reflink-linux-x64-gnu": 0.1.19
      "@reflink/reflink-linux-x64-musl": 0.1.19
      "@reflink/reflink-win32-arm64-msvc": 0.1.19
      "@reflink/reflink-win32-x64-msvc": 0.1.19

  detect-libc@2.1.2: {}

  pnpm@11.1.1: {}

---
lockfileVersion: "9.0"

settings:
  autoInstallPeers: true
  excludeLinksFromLockfile: false

importers:
  .:
    devDependencies:
      oxfmt:
        specifier: ^0.49.0
        version: 0.49.0
      oxlint:
        specifier: ^1.64.0
        version: 1.64.0(oxlint-tsgolint@0.22.1)
      oxlint-tsgolint:
        specifier: ^0.22.1
        version: 0.22.1

packages:
  "@oxfmt/binding-android-arm-eabi@0.49.0":
    resolution: {
      integrity: sha512-HbifJ84prIh9+55CTPAU35JdRQrwg47y16cGerCC+iejSKOuHXYo2WDql6l7cQlzrYVtc3f4UWY+dBj2lRmOeA==,
    }
    engines: { node: ^20.19.0 || >=22.12.0 }
    cpu: [arm]
    os: [android]

  "@oxfmt/binding-android-arm64@0.49.0":
    resolution: {
      integrity: sha512-Ef7SKJqAaH2d7E6eXZZa2OffIShbhFMxnGK0zd93p4qiyTJr75B0qf7lrPD+qQOwcf04BrjYJ0JUxq8d5+yZwg==,
    }
    engines: { node: ^20.19.0 || >=22.12.0 }
    cpu: [arm64]
    os: [android]

  "@oxfmt/binding-darwin-arm64@0.49.0":
    resolution: {
      integrity: sha512-8x5DN9CsFfb432sHa9NyqX5XisGUdA53LPEGSdv/VniS+v4uEOR8Orv7A9QSB98Xxgp0t6r31DzQA/wpIobGqQ==,
    }
    engines: { node: ^20.19.0 || >=22.12.0 }
    cpu: [arm64]
    os: [darwin]

  "@oxfmt/binding-darwin-x64@0.49.0":
    resolution: {
      integrity: sha512-e0+DSVzk4ewhMVKNYDaRTmP81jNMBWR1X9al0cVKWS+hDM/dElNqD5zjTOCuLOZc4oOdp2Gx2ldrVL+yYo9TZQ==,
    }
    engines: { node: ^20.19.0 || >=22.12.0 }
    cpu: [x64]
    os: [darwin]

  "@oxfmt/binding-freebsd-x64@0.49.0":
    resolution: {
      integrity: sha512-W+mjtYtrQvFbXT/uNT+221OBhGRZ8UqNsLxjTWsjZ4GsQnRdvRC/N2NCK86BcamWr7lsTxwpwN3PULnr78sgcQ==,
    }
    engines: { node: ^20.19.0 || >=22.12.0 }
    cpu: [x64]
    os: [freebsd]

  "@oxfmt/binding-linux-arm-gnueabihf@0.49.0":
    resolution: {
      integrity: sha512-Rtv6UevV7czDlLqil+NZUe4d8gs8jQo/zScSpumwyf7I+fSdLc+hc8AF3MQC7ymxSMMD9+vfiqQlsIf7wOAzXA==,
    }
    engines: { node: ^20.19.0 || >=22.12.0 }
    cpu: [arm]
    os: [linux]

  "@oxfmt/binding-linux-arm-musleabihf@0.49.0":
    resolution: {
      integrity: sha512-sBi+8C/Q/MdKa5FL8ibAUCdhFBGFH7HFN/Qoyd5xQbZ/0ky3NMPpKfIBpaH0lhK2dXkGLczVQUoZ+xuNSerCdQ==,
    }
    engines: { node: ^20.19.0 || >=22.12.0 }
    cpu: [arm]
    os: [linux]

  "@oxfmt/binding-linux-arm64-gnu@0.49.0":
    resolution: {
      integrity: sha512-JIfWenFhlzx+O8YygyZhoHFzTsdgDhxhbDRnE2iJLnnM5pWKScFvPECO2vOlA7JqJ/9S1g3uzEKuRCkHFwTjvA==,
    }
    engines: { node: ^20.19.0 || >=22.12.0 }
    cpu: [arm64]
    os: [linux]
    libc: [glibc]

  "@oxfmt/binding-linux-arm64-musl@0.49.0":
    resolution: {
      integrity: sha512-iNzkMPG18jPkwBOZ4/HEjwqfzAjq4RrUQ0CgId/fC1ENvYD5jLVAaU/gWgpiqP1ys07kxSsSggDd1fp3E7mQHw==,
    }
    engines: { node: ^20.19.0 || >=22.12.0 }
    cpu: [arm64]
    os: [linux]
    libc: [musl]

  "@oxfmt/binding-linux-ppc64-gnu@0.49.0":
    resolution: {
      integrity: sha512-BPHA/NN3LvoIXiid+iz3BHt5V0Rzx0tXAqRUovwE1NsbDaLG9e8mtv7evDGRIkVQacqTDBv0XL25THHsxSJosQ==,
    }
    engines: { node: ^20.19.0 || >=22.12.0 }
    cpu: [ppc64]
    os: [linux]
    libc: [glibc]

  "@oxfmt/binding-linux-riscv64-gnu@0.49.0":
    resolution: {
      integrity: sha512-3Eroshe+s69htC9JIL0+zLGQczLtRKezkMhwqQC21VC5Z/fuLvzLfbAOLgJLUq601H8gDYjy7deYycfOBjCvWg==,
    }
    engines: { node: ^20.19.0 || >=22.12.0 }
    cpu: [riscv64]
    os: [linux]
    libc: [glibc]

  "@oxfmt/binding-linux-riscv64-musl@0.49.0":
    resolution: {
      integrity: sha512-fnaERGgsxGm0lKAmO72EYR4BA3qBnzBTJBTi6EtUMq1D4R7EexRBMU4voXnx4TXla3SEDl9x4uNp/18SbkPjGg==,
    }
    engines: { node: ^20.19.0 || >=22.12.0 }
    cpu: [riscv64]
    os: [linux]
    libc: [musl]

  "@oxfmt/binding-linux-s390x-gnu@0.49.0":
    resolution: {
      integrity: sha512-rBwasMl1Uul1MCCeTGEFKnOTL7VUxHf+634jWStrQAbzpBJgd5Yz5m4F7exVCsoI8PHn57dNjssXagXLCLB5yA==,
    }
    engines: { node: ^20.19.0 || >=22.12.0 }
    cpu: [s390x]
    os: [linux]
    libc: [glibc]

  "@oxfmt/binding-linux-x64-gnu@0.49.0":
    resolution: {
      integrity: sha512-BoC/F9xHe2y/deuBGA5Aw7bes07OD2gcL2wlpzTrfImR92vPP7S/k3LBTyspQZCNIVNdagkELcqKELwMLGIfAg==,
    }
    engines: { node: ^20.19.0 || >=22.12.0 }
    cpu: [x64]
    os: [linux]
    libc: [glibc]

  "@oxfmt/binding-linux-x64-musl@0.49.0":
    resolution: {
      integrity: sha512-umY6jFADAo/oztFKl8D/S6vSrG6oBpEskcentiRuz42kZVU2kfDXMWCYavxyZR2bwPjqkHpcHZ6EZFiH3Qj9ZA==,
    }
    engines: { node: ^20.19.0 || >=22.12.0 }
    cpu: [x64]
    os: [linux]
    libc: [musl]

  "@oxfmt/binding-openharmony-arm64@0.49.0":
    resolution: {
      integrity: sha512-J85zQMiw2pXiGPK+OusmDvSnJ/dgpgN7VgmB2zOBtgS8F+nsOUfSg9ZEBrwbQscjZ7tkPbm38CG4VF5f53MsiA==,
    }
    engines: { node: ^20.19.0 || >=22.12.0 }
    cpu: [arm64]
    os: [openharmony]

  "@oxfmt/binding-win32-arm64-msvc@0.49.0":
    resolution: {
      integrity: sha512-38K67XR++CoFFORDd4sMFwUVAnD6msYBdGTei+qvKGrRPO6S2PbrYPNL/eQQ1RgnnxOegNba0YQwg6uRkNcw6A==,
    }
    engines: { node: ^20.19.0 || >=22.12.0 }
    cpu: [arm64]
    os: [win32]

  "@oxfmt/binding-win32-ia32-msvc@0.49.0":
    resolution: {
      integrity: sha512-rXVe0HICwQF0dBgbQtBCoYf8x/SidPIdhyQl+iPuJlV7suV+qDv7yUEB3wQ4qC3nOeNxz287SwFXKzyr0kWgEg==,
    }
    engines: { node: ^20.19.0 || >=22.12.0 }
    cpu: [ia32]
    os: [win32]

  "@oxfmt/binding-win32-x64-msvc@0.49.0":
    resolution: {
      integrity: sha512-gwWLwSEmBBfIK/Wh7GGd658161o4RKAvHWRaRQbJm571iQXGKfyr7UKsI1vsWvDlNLc30CxJDc8mMmCvJ/kczQ==,
    }
    engines: { node: ^20.19.0 || >=22.12.0 }
    cpu: [x64]
    os: [win32]

  "@oxlint-tsgolint/darwin-arm64@0.22.1":
    resolution: {
      integrity: sha512-4150Lpgc1YM09GcjA6GSrra1JoPjC7aOpfywLjWEY4vW0Sd1qKzqHF1WRaiw0/qUZ40OATYdv3aRd7ipPkWQbw==,
    }
    cpu: [arm64]
    os: [darwin]

  "@oxlint-tsgolint/darwin-x64@0.22.1":
    resolution: {
      integrity: sha512-vFWcPWYOgZs4HWcgS1EjUZg33NLcNfEYU49KGImmCfZWkflENrmBYV4HN/C0YeAPum6ZZ/goPSvQrB/cOD+NfA==,
    }
    cpu: [x64]
    os: [darwin]

  "@oxlint-tsgolint/linux-arm64@0.22.1":
    resolution: {
      integrity: sha512-6LiUpP0Zir3+29FvBm7Y28q/dBjSHqTZ5MhG1Ckw4fGhI4cAvbcwXaKvbjx1TP7rRmBNOoq/M5xdpHjTb+GAew==,
    }
    cpu: [arm64]
    os: [linux]

  "@oxlint-tsgolint/linux-x64@0.22.1":
    resolution: {
      integrity: sha512-fuX1hEQfpHauUbXADsfqVhRzrUrGabzGXbj5wsp2vKhV5uk/Rze8Mba9GdjFGECzvXudMGqHqxB4r6jGRdhxVA==,
    }
    cpu: [x64]
    os: [linux]

  "@oxlint-tsgolint/win32-arm64@0.22.1":
    resolution: {
      integrity: sha512-8SZidAj+jrbZf9ZjBEYW0tiNZ+KasqB2zgW26qdiPpQSF/DzURnPmXz651IeA9YsmbVdHGIooEHUmev6QJdquA==,
    }
    cpu: [arm64]
    os: [win32]

  "@oxlint-tsgolint/win32-x64@0.22.1":
    resolution: {
      integrity: sha512-QweSk9H5lFh5Y+WUf2Kq/OAN88V6+62ZwGhP38gqdRotI90luXSMkruFTj7Q2rYrzH4ZVNaSqx7NY8JpSfIzqg==,
    }
    cpu: [x64]
    os: [win32]

  "@oxlint/binding-android-arm-eabi@1.64.0":
    resolution: {
      integrity: sha512-2r6Nq3XXGLHEXKkSj8JtmJ6N4gDw431DPFOg0ZoJHlNjnG6HVMm/ksQ10m0HJ8WBvwgMe1L50UHPaYZutCRPCw==,
    }
    engines: { node: ^20.19.0 || >=22.12.0 }
    cpu: [arm]
    os: [android]

  "@oxlint/binding-android-arm64@1.64.0":
    resolution: {
      integrity: sha512-ePJMpePgg7fBv+L/hVx1xXRU5/5gd5m0obLA6hPEfLXF3GjpR8idIDbY1dhQYhyz1ms2wdTccSboo6KEd2Oxtg==,
    }
    engines: { node: ^20.19.0 || >=22.12.0 }
    cpu: [arm64]
    os: [android]

  "@oxlint/binding-darwin-arm64@1.64.0":
    resolution: {
      integrity: sha512-U4DMLQd10gJLuoSTLSGbfv3bGjTlUNsScm9Dgb8wwBqmCzidf1pE1pXV4doGNxqwH3KtVng1AGTINA0NvkGLvQ==,
    }
    engines: { node: ^20.19.0 || >=22.12.0 }
    cpu: [arm64]
    os: [darwin]

  "@oxlint/binding-darwin-x64@1.64.0":
    resolution: {
      integrity: sha512-GoRIL48QWm4/TAvjN8pB1nAG+1/uqc9EdnWT9zqHeb6wsmjZtywj8VRe5aGW47Fdb64YtLOsdLqVxOvQuz98Wg==,
    }
    engines: { node: ^20.19.0 || >=22.12.0 }
    cpu: [x64]
    os: [darwin]

  "@oxlint/binding-freebsd-x64@1.64.0":
    resolution: {
      integrity: sha512-5dFkv4tkg7PxJJGS9/OjrJwjhuHczrd3OQOkRE0wHcLM+ncUnULtzEPWjqGOxTXxZnLWcB91bGiIznx89TVXyQ==,
    }
    engines: { node: ^20.19.0 || >=22.12.0 }
    cpu: [x64]
    os: [freebsd]

  "@oxlint/binding-linux-arm-gnueabihf@1.64.0":
    resolution: {
      integrity: sha512-jsBqMLl/uOL5+Kq/+BtK9FrmiNGUbx8SiyZXv+WlUxA45KuwcLu9BfiSIL3I3DBDgWM3yZizDITnTK9BcqNBQg==,
    }
    engines: { node: ^20.19.0 || >=22.12.0 }
    cpu: [arm]
    os: [linux]

  "@oxlint/binding-linux-arm-musleabihf@1.64.0":
    resolution: {
      integrity: sha512-1lrj8At/Uuc9GhjrVFBQo0NEjfBrTkzpmtHIGAhNnIXqn1CAyGL+qrztUsXb2GIluJrpl9Q7qRLJOb/NqydacQ==,
    }
    engines: { node: ^20.19.0 || >=22.12.0 }
    cpu: [arm]
    os: [linux]

  "@oxlint/binding-linux-arm64-gnu@1.64.0":
    resolution: {
      integrity: sha512-HpSQbubwh03mMhAdy2BYtad/fsY8vDFHDAb6bUwuCYg2VD3xCQgn6ArKcO0oZyLCheacKTv4PrF3Mfu5hgoE2g==,
    }
    engines: { node: ^20.19.0 || >=22.12.0 }
    cpu: [arm64]
    os: [linux]
    libc: [glibc]

  "@oxlint/binding-linux-arm64-musl@1.64.0":
    resolution: {
      integrity: sha512-00QQ0h0Y7u0G69BgiH3+ky2aaq/QvkDL6DYok8htIuJHxybiux5aQ8jwmg8qIk9wha6UagUP2BAwAzbemcJbpg==,
    }
    engines: { node: ^20.19.0 || >=22.12.0 }
    cpu: [arm64]
    os: [linux]
    libc: [musl]

  "@oxlint/binding-linux-ppc64-gnu@1.64.0":
    resolution: {
      integrity: sha512-2GaimTV6EMW+s5HS0An3oGbQme3BgHswvfVdGk3EB57Xe9+/gyT+Qd7lNVzb3rtir52vbIPzXfaYArzs5b5zcw==,
    }
    engines: { node: ^20.19.0 || >=22.12.0 }
    cpu: [ppc64]
    os: [linux]
    libc: [glibc]

  "@oxlint/binding-linux-riscv64-gnu@1.64.0":
    resolution: {
      integrity: sha512-H46AtFb9wypjoVwGdlxrm0DsD809NGmtiK9HiyPKTxkSte2YjhC4S+00rOIrwCaxcyPiGid3Y3OMXp5KMAkGZw==,
    }
    engines: { node: ^20.19.0 || >=22.12.0 }
    cpu: [riscv64]
    os: [linux]
    libc: [glibc]

  "@oxlint/binding-linux-riscv64-musl@1.64.0":
    resolution: {
      integrity: sha512-HEgsidjjvvyzdg82icYkuFCf7REDV7B9JFwbIMbVwrKLBY0MrXX+bku3POn/hduZ2yW91IyVDUMq0Bf02KwXQw==,
    }
    engines: { node: ^20.19.0 || >=22.12.0 }
    cpu: [riscv64]
    os: [linux]
    libc: [musl]

  "@oxlint/binding-linux-s390x-gnu@1.64.0":
    resolution: {
      integrity: sha512-Axvm8qryotmKN00P5w4JapaSjvP2LOSbdbBJiX+2SuHd3QzhW7TUc8skqgw+ahQZ5DmzEYeHCqauvW8f32Ns6Q==,
    }
    engines: { node: ^20.19.0 || >=22.12.0 }
    cpu: [s390x]
    os: [linux]
    libc: [glibc]

  "@oxlint/binding-linux-x64-gnu@1.64.0":
    resolution: {
      integrity: sha512-cR60vSd7+m+KRZ3GQGfDxWwahW5RMXg0qlGvAluZr0fTUYvw0H9N9AXAF/M/PMqgytyqvVNmBAkJG9l7U30Y1g==,
    }
    engines: { node: ^20.19.0 || >=22.12.0 }
    cpu: [x64]
    os: [linux]
    libc: [glibc]

  "@oxlint/binding-linux-x64-musl@1.64.0":
    resolution: {
      integrity: sha512-2u/aPZ9pEg7HnvZPDsHxUGNnrpr4qaHi+mCgLgpt+LYRzPrS4Px4wPfkIdRdr2GvKnaYyt+XSlto0Vm5sbStTg==,
    }
    engines: { node: ^20.19.0 || >=22.12.0 }
    cpu: [x64]
    os: [linux]
    libc: [musl]

  "@oxlint/binding-openharmony-arm64@1.64.0":
    resolution: {
      integrity: sha512-kfhkGfCdoXLSxEkrhDlJrvBYajGmq+ma4EMc53dsOWTq+rIBOlI0vTBmpZNnM5oH2LY/K/w1HAK+UQEgjgpVUg==,
    }
    engines: { node: ^20.19.0 || >=22.12.0 }
    cpu: [arm64]
    os: [openharmony]

  "@oxlint/binding-win32-arm64-msvc@1.64.0":
    resolution: {
      integrity: sha512-r/cNKBFieONoVu2bb1KkVouq9W+edDUgHumXJGphCRRj+U0xaD4nanrw8ZOqo0IsutPkEM4vCcGBpak6x5aXMg==,
    }
    engines: { node: ^20.19.0 || >=22.12.0 }
    cpu: [arm64]
    os: [win32]

  "@oxlint/binding-win32-ia32-msvc@1.64.0":
    resolution: {
      integrity: sha512-tUw0xUUwEFVZbpJoeCblkv8SJA4Xz3CdXCJbAnBsiNLyxDrk2tLcxEAS6M73Q7hHHDg3OtwI8vZVK3t5RJt4Gw==,
    }
    engines: { node: ^20.19.0 || >=22.12.0 }
    cpu: [ia32]
    os: [win32]

  "@oxlint/binding-win32-x64-msvc@1.64.0":
    resolution: {
      integrity: sha512-9CBR+LO0JVST87fNTzzNxS5I29jIUO5gxT9i9+M3SDHHALElj9sY1Prf12tad3vIRC6OD7Ehtvvh+sn13vSwHw==,
    }
    engines: { node: ^20.19.0 || >=22.12.0 }
    cpu: [x64]
    os: [win32]

  oxfmt@0.49.0:
    resolution: {
      integrity: sha512-IAHFMdlJSWe+oAr65dx22UvjCtV9DBMisAuLnKpDqMQrctzCkGnj3QRwNHm0d+uwSWPalsDF8ZYLz9rh6nH2IQ==,
    }
    engines: { node: ^20.19.0 || >=22.12.0 }
    hasBin: true
    peerDependencies:
      svelte: ^5.0.0
    peerDependenciesMeta:
      svelte:
        optional: true

  oxlint-tsgolint@0.22.1:
    resolution: {
      integrity: sha512-YUSGSLUnoolsu8gxISEDio3q1rtsCozwfOzASUn3DT2mR2EeQ93uEEnen7s+6LpF+lyTQFln1pQfqwBh/fsVEg==,
    }
    hasBin: true

  oxlint@1.64.0:
    resolution: {
      integrity: sha512-Star3SNpWPeWFPw7kRXIhXUSn6fdiAl25q15CQzH/9WaOtG6e9CWTc25vNZOCr4PE1yEP1GtKJKIKglhj3OmEQ==,
    }
    engines: { node: ^20.19.0 || >=22.12.0 }
    hasBin: true
    peerDependencies:
      oxlint-tsgolint: ">=0.22.1"
    peerDependenciesMeta:
      oxlint-tsgolint:
        optional: true

  tinypool@2.1.0:
    resolution: {
      integrity: sha512-Pugqs6M0m7Lv1I7FtxN4aoyToKg1C4tu+/381vH35y8oENM/Ai7f7C4StcoK4/+BSw9ebcS8jRiVrORFKCALLw==,
    }
    engines: { node: ^20.0.0 || >=22.0.0 }

snapshots:
  "@oxfmt/binding-android-arm-eabi@0.49.0":
    optional: true

  "@oxfmt/binding-android-arm64@0.49.0":
    optional: true

  "@oxfmt/binding-darwin-arm64@0.49.0":
    optional: true

  "@oxfmt/binding-darwin-x64@0.49.0":
    optional: true

  "@oxfmt/binding-freebsd-x64@0.49.0":
    optional: true

  "@oxfmt/binding-linux-arm-gnueabihf@0.49.0":
    optional: true

  "@oxfmt/binding-linux-arm-musleabihf@0.49.0":
    optional: true

  "@oxfmt/binding-linux-arm64-gnu@0.49.0":
    optional: true

  "@oxfmt/binding-linux-arm64-musl@0.49.0":
    optional: true

  "@oxfmt/binding-linux-ppc64-gnu@0.49.0":
    optional: true

  "@oxfmt/binding-linux-riscv64-gnu@0.49.0":
    optional: true

  "@oxfmt/binding-linux-riscv64-musl@0.49.0":
    optional: true

  "@oxfmt/binding-linux-s390x-gnu@0.49.0":
    optional: true

  "@oxfmt/binding-linux-x64-gnu@0.49.0":
    optional: true

  "@oxfmt/binding-linux-x64-musl@0.49.0":
    optional: true

  "@oxfmt/binding-openharmony-arm64@0.49.0":
    optional: true

  "@oxfmt/binding-win32-arm64-msvc@0.49.0":
    optional: true

  "@oxfmt/binding-win32-ia32-msvc@0.49.0":
    optional: true

  "@oxfmt/binding-win32-x64-msvc@0.49.0":
    optional: true

  "@oxlint-tsgolint/darwin-arm64@0.22.1":
    optional: true

  "@oxlint-tsgolint/darwin-x64@0.22.1":
    optional: true

  "@oxlint-tsgolint/linux-arm64@0.22.1":
    optional: true

  "@oxlint-tsgolint/linux-x64@0.22.1":
    optional: true

  "@oxlint-tsgolint/win32-arm64@0.22.1":
    optional: true

  "@oxlint-tsgolint/win32-x64@0.22.1":
    optional: true

  "@oxlint/binding-android-arm-eabi@1.64.0":
    optional: true

  "@oxlint/binding-android-arm64@1.64.0":
    optional: true

  "@oxlint/binding-darwin-arm64@1.64.0":
    optional: true

  "@oxlint/binding-darwin-x64@1.64.0":
    optional: true

  "@oxlint/binding-freebsd-x64@1.64.0":
    optional: true

  "@oxlint/binding-linux-arm-gnueabihf@1.64.0":
    optional: true

  "@oxlint/binding-linux-arm-musleabihf@1.64.0":
    optional: true

  "@oxlint/binding-linux-arm64-gnu@1.64.0":
    optional: true

  "@oxlint/binding-linux-arm64-musl@1.64.0":
    optional: true

  "@oxlint/binding-linux-ppc64-gnu@1.64.0":
    optional: true

  "@oxlint/binding-linux-riscv64-gnu@1.64.0":
    optional: true

  "@oxlint/binding-linux-riscv64-musl@1.64.0":
    optional: true

  "@oxlint/binding-linux-s390x-gnu@1.64.0":
    optional: true

  "@oxlint/binding-linux-x64-gnu@1.64.0":
    optional: true

  "@oxlint/binding-linux-x64-musl@1.64.0":
    optional: true

  "@oxlint/binding-openharmony-arm64@1.64.0":
    optional: true

  "@oxlint/binding-win32-arm64-msvc@1.64.0":
    optional: true

  "@oxlint/binding-win32-ia32-msvc@1.64.0":
    optional: true

  "@oxlint/binding-win32-x64-msvc@1.64.0":
    optional: true

  oxfmt@0.49.0:
    dependencies:
      tinypool: 2.1.0
    optionalDependencies:
      "@oxfmt/binding-android-arm-eabi": 0.49.0
      "@oxfmt/binding-android-arm64": 0.49.0
      "@oxfmt/binding-darwin-arm64": 0.49.0
      "@oxfmt/binding-darwin-x64": 0.49.0
      "@oxfmt/binding-freebsd-x64": 0.49.0
      "@oxfmt/binding-linux-arm-gnueabihf": 0.49.0
      "@oxfmt/binding-linux-arm-musleabihf": 0.49.0
      "@oxfmt/binding-linux-arm64-gnu": 0.49.0
      "@oxfmt/binding-linux-arm64-musl": 0.49.0
      "@oxfmt/binding-linux-ppc64-gnu": 0.49.0
      "@oxfmt/binding-linux-riscv64-gnu": 0.49.0
      "@oxfmt/binding-linux-riscv64-musl": 0.49.0
      "@oxfmt/binding-linux-s390x-gnu": 0.49.0
      "@oxfmt/binding-linux-x64-gnu": 0.49.0
      "@oxfmt/binding-linux-x64-musl": 0.49.0
      "@oxfmt/binding-openharmony-arm64": 0.49.0
      "@oxfmt/binding-win32-arm64-msvc": 0.49.0
      "@oxfmt/binding-win32-ia32-msvc": 0.49.0
      "@oxfmt/binding-win32-x64-msvc": 0.49.0

  oxlint-tsgolint@0.22.1:
    optionalDependencies:
      "@oxlint-tsgolint/darwin-arm64": 0.22.1
      "@oxlint-tsgolint/darwin-x64": 0.22.1
      "@oxlint-tsgolint/linux-arm64": 0.22.1
      "@oxlint-tsgolint/linux-x64": 0.22.1
      "@oxlint-tsgolint/win32-arm64": 0.22.1
      "@oxlint-tsgolint/win32-x64": 0.22.1

  oxlint@1.64.0(oxlint-tsgolint@0.22.1):
    optionalDependencies:
      "@oxlint/binding-android-arm-eabi": 1.64.0
      "@oxlint/binding-android-arm64": 1.64.0
      "@oxlint/binding-darwin-arm64": 1.64.0
      "@oxlint/binding-darwin-x64": 1.64.0
      "@oxlint/binding-freebsd-x64": 1.64.0
      "@oxlint/binding-linux-arm-gnueabihf": 1.64.0
      "@oxlint/binding-linux-arm-musleabihf": 1.64.0
      "@oxlint/binding-linux-arm64-gnu": 1.64.0
      "@oxlint/binding-linux-arm64-musl": 1.64.0
      "@oxlint/binding-linux-ppc64-gnu": 1.64.0
      "@oxlint/binding-linux-riscv64-gnu": 1.64.0
      "@oxlint/binding-linux-riscv64-musl": 1.64.0
      "@oxlint/binding-linux-s390x-gnu": 1.64.0
      "@oxlint/binding-linux-x64-gnu": 1.64.0
      "@oxlint/binding-linux-x64-musl": 1.64.0
      "@oxlint/binding-openharmony-arm64": 1.64.0
      "@oxlint/binding-win32-arm64-msvc": 1.64.0
      "@oxlint/binding-win32-ia32-msvc": 1.64.0
      "@oxlint/binding-win32-x64-msvc": 1.64.0
      oxlint-tsgolint: 0.22.1

  tinypool@2.1.0: {}
